
Microsoft Visual Studio Solution File, Format Version 12.00
# Visual Studio 15
VisualStudioVersion = 15.0.28010.2026
MinimumVisualStudioVersion = 10.0.40219.1
Project("{FAE04EC0-301F-11D3-BF4B-00C04F79EFBC}") = "Logger", "Logger\Logger.csproj", "{DB07C218-2A00-40D3-AB1E-95E1E2BBE4AA}"
EndProject
Project("{FAE04EC0-301F-11D3-BF4B-00C04F79EFBC}") = "LoggerTest", "LoggerTest\LoggerTest.csproj", "{355109F2-0A69-4D69-B8A8-5850F45C8996}"
EndProject
Project("{FAE04EC0-301F-11D3-BF4B-00C04F79EFBC}") = "LoggerApp", "LoggerApp\LoggerApp.csproj", "{2AB9576C-738B-4E05-A851-A60A53210001}"
EndProject
Project("{00D1A9C2-B5F0-4AF3-8072-F6C62B433612}") = "LoggerDB", "LoggerDB\LoggerDB.sqlproj", "{57F8487F-34FF-48A4-99DA-98C9B73764D5}"
EndProject
Global
	GlobalSection(SolutionConfigurationPlatforms) = preSolution
		Debug|Any CPU = Debug|Any CPU
		Release|Any CPU = Release|Any CPU
	EndGlobalSection
	GlobalSection(ProjectConfigurationPlatforms) = postSolution
		{DB07C218-2A00-40D3-AB1E-95E1E2BBE4AA}.Debug|Any CPU.ActiveCfg = Debug|Any CPU
		{DB07C218-2A00-40D3-AB1E-95E1E2BBE4AA}.Debug|Any CPU.Build.0 = Debug|Any CPU
		{DB07C218-2A00-40D3-AB1E-95E1E2BBE4AA}.Release|Any CPU.ActiveCfg = Release|Any CPU
		{DB07C218-2A00-40D3-AB1E-95E1E2BBE4AA}.Release|Any CPU.Build.0 = Release|Any CPU
		{355109F2-0A69-4D69-B8A8-5850F45C8996}.Debug|Any CPU.ActiveCfg = Debug|Any CPU
		{355109F2-0A69-4D69-B8A8-5850F45C8996}.Debug|Any CPU.Build.0 = Debug|Any CPU
		{355109F2-0A69-4D69-B8A8-5850F45C8996}.Release|Any CPU.ActiveCfg = Release|Any CPU
		{355109F2-0A69-4D69-B8A8-5850F45C8996}.Release|Any CPU.Build.0 = Release|Any CPU
		{2AB9576C-738B-4E05-A851-A60A53210001}.Debug|Any CPU.ActiveCfg = Debug|Any CPU
		{2AB9576C-738B-4E05-A851-A60A53210001}.Debug|Any CPU.Build.0 = Debug|Any CPU
		{2AB9576C-738B-4E05-A851-A60A53210001}.Release|Any CPU.ActiveCfg = Release|Any CPU
		{2AB9576C-738B-4E05-A851-A60A53210001}.Release|Any CPU.Build.0 = Release|Any CPU
		{57F8487F-34FF-48A4-99DA-98C9B73764D5}.Debug|Any CPU.ActiveCfg = Debug|Any CPU
		{57F8487F-34FF-48A4-99DA-98C9B73764D5}.Debug|Any CPU.Build.0 = Debug|Any CPU
		{57F8487F-34FF-48A4-99DA-98C9B73764D5}.Debug|Any CPU.Deploy.0 = Debug|Any CPU
		{57F8487F-34FF-48A4-99DA-98C9B73764D5}.Release|Any CPU.ActiveCfg = Release|Any CPU
		{57F8487F-34FF-48A4-99DA-98C9B73764D5}.Release|Any CPU.Build.0 = Release|Any CPU
		{57F8487F-34FF-48A4-99DA-98C9B73764D5}.Release|Any CPU.Deploy.0 = Release|Any CPU
	EndGlobalSection
	GlobalSection(SolutionProperties) = preSolution
		HideSolutionNode = FALSE
	EndGlobalSection
	GlobalSection(ExtensibilityGlobals) = postSolution
		SolutionGuid = {BEB85454-C2CE-455C-9AFB-3DA93F8B836C}
	EndGlobalSection
EndGlobal
